
Microsoft Visual Studio Solution File, Format Version 12.00
# Visual Studio Express 14 for Windows Desktop
VisualStudioVersion = 14.0.23107.0
MinimumVisualStudioVersion = 10.0.40219.1
Project("{FAE04EC0-301F-11D3-BF4B-00C04F79EFBC}") = "CharacterBasic", "CharacterBasic\CharacterBasic.csproj", "{DD792E3D-BF07-439D-9F62-2280CBF16F5A}"
EndProject
Global
	GlobalSection(SolutionConfigurationPlatforms) = preSolution
		Debug|Any CPU = Debug|Any CPU
		Release|Any CPU = Release|Any CPU
	EndGlobalSection
	GlobalSection(ProjectConfigurationPlatforms) = postSolution
		{DD792E3D-BF07-439D-9F62-2280CBF16F5A}.Debug|Any CPU.ActiveCfg = Debug|Any CPU
		{DD792E3D-BF07-439D-9F62-2280CBF16F5A}.Debug|Any CPU.Build.0 = Debug|Any CPU
		{DD792E3D-BF07-439D-9F62-2280CBF16F5A}.Release|Any CPU.ActiveCfg = Release|Any CPU
		{DD792E3D-BF07-439D-9F62-2280CBF16F5A}.Release|Any CPU.Build.0 = Release|Any CPU
	EndGlobalSection
	GlobalSection(SolutionProperties) = preSolution
		HideSolutionNode = FALSE
	EndGlobalSection
EndGlobal
