
Microsoft Visual Studio Solution File, Format Version 12.00
# Visual Studio Express 14 for Windows Desktop
VisualStudioVersion = 14.0.23107.0
MinimumVisualStudioVersion = 10.0.40219.1
Project("{FAE04EC0-301F-11D3-BF4B-00C04F79EFBC}") = "WriteAndWriteLine", "WriteAndWriteLine.csproj", "{7C98D665-F118-4D37-ADCC-EEA1E4167F81}"
EndProject
Global
	GlobalSection(SolutionConfigurationPlatforms) = preSolution
		Debug|Any CPU = Debug|Any CPU
		Release|Any CPU = Release|Any CPU
	EndGlobalSection
	GlobalSection(ProjectConfigurationPlatforms) = postSolution
		{7C98D665-F118-4D37-ADCC-EEA1E4167F81}.Debug|Any CPU.ActiveCfg = Debug|Any CPU
		{7C98D665-F118-4D37-ADCC-EEA1E4167F81}.Debug|Any CPU.Build.0 = Debug|Any CPU
		{7C98D665-F118-4D37-ADCC-EEA1E4167F81}.Release|Any CPU.ActiveCfg = Release|Any CPU
		{7C98D665-F118-4D37-ADCC-EEA1E4167F81}.Release|Any CPU.Build.0 = Release|Any CPU
	EndGlobalSection
	GlobalSection(SolutionProperties) = preSolution
		HideSolutionNode = FALSE
	EndGlobalSection
EndGlobal
