
Microsoft Visual Studio Solution File, Format Version 12.00
# Visual Studio Version 16
VisualStudioVersion = 16.0.30320.27
MinimumVisualStudioVersion = 10.0.40219.1
Project("{FAE04EC0-301F-11D3-BF4B-00C04F79EFBC}") = "chap08", "chap08.csproj", "{0FF934FA-92FD-4FFA-9DBF-D55B733A5EA2}"
EndProject
Global
	GlobalSection(SolutionConfigurationPlatforms) = preSolution
		Debug|Any CPU = Debug|Any CPU
		Release|Any CPU = Release|Any CPU
	EndGlobalSection
	GlobalSection(ProjectConfigurationPlatforms) = postSolution
		{0FF934FA-92FD-4FFA-9DBF-D55B733A5EA2}.Debug|Any CPU.ActiveCfg = Debug|Any CPU
		{0FF934FA-92FD-4FFA-9DBF-D55B733A5EA2}.Debug|Any CPU.Build.0 = Debug|Any CPU
		{0FF934FA-92FD-4FFA-9DBF-D55B733A5EA2}.Release|Any CPU.ActiveCfg = Release|Any CPU
		{0FF934FA-92FD-4FFA-9DBF-D55B733A5EA2}.Release|Any CPU.Build.0 = Release|Any CPU
	EndGlobalSection
	GlobalSection(SolutionProperties) = preSolution
		HideSolutionNode = FALSE
	EndGlobalSection
	GlobalSection(ExtensibilityGlobals) = postSolution
		SolutionGuid = {8E5A53E2-3D46-496A-B245-7DDA8D33D54B}
	EndGlobalSection
EndGlobal
