
Microsoft Visual Studio Solution File, Format Version 12.00
# Visual Studio Version 16
VisualStudioVersion = 16.0.29926.136
MinimumVisualStudioVersion = 10.0.40219.1
Project("{FAE04EC0-301F-11D3-BF4B-00C04F79EFBC}") = "CarManager_Modified", "CarManager_Modified\CarManager_Modified.csproj", "{47BCA46B-EC3B-4151-AD03-04B57D80AEB6}"
EndProject
Global
	GlobalSection(SolutionConfigurationPlatforms) = preSolution
		Debug|Any CPU = Debug|Any CPU
		Release|Any CPU = Release|Any CPU
	EndGlobalSection
	GlobalSection(ProjectConfigurationPlatforms) = postSolution
		{47BCA46B-EC3B-4151-AD03-04B57D80AEB6}.Debug|Any CPU.ActiveCfg = Debug|Any CPU
		{47BCA46B-EC3B-4151-AD03-04B57D80AEB6}.Debug|Any CPU.Build.0 = Debug|Any CPU
		{47BCA46B-EC3B-4151-AD03-04B57D80AEB6}.Release|Any CPU.ActiveCfg = Release|Any CPU
		{47BCA46B-EC3B-4151-AD03-04B57D80AEB6}.Release|Any CPU.Build.0 = Release|Any CPU
	EndGlobalSection
	GlobalSection(SolutionProperties) = preSolution
		HideSolutionNode = FALSE
	EndGlobalSection
	GlobalSection(ExtensibilityGlobals) = postSolution
		SolutionGuid = {26BB8F9B-4B96-402D-AD6F-4D7F750F0135}
	EndGlobalSection
EndGlobal
