
Microsoft Visual Studio Solution File, Format Version 12.00
# Visual Studio Version 16
VisualStudioVersion = 16.0.31205.134
MinimumVisualStudioVersion = 10.0.40219.1
Project("{FAE04EC0-301F-11D3-BF4B-00C04F79EFBC}") = "UI", "UI\UI.csproj", "{9AAE7C1B-EB74-4523-897A-25FAF19FB46B}"
EndProject
Global
	GlobalSection(SolutionConfigurationPlatforms) = preSolution
		Debug|Any CPU = Debug|Any CPU
		Release|Any CPU = Release|Any CPU
	EndGlobalSection
	GlobalSection(ProjectConfigurationPlatforms) = postSolution
		{9AAE7C1B-EB74-4523-897A-25FAF19FB46B}.Debug|Any CPU.ActiveCfg = Debug|Any CPU
		{9AAE7C1B-EB74-4523-897A-25FAF19FB46B}.Debug|Any CPU.Build.0 = Debug|Any CPU
		{9AAE7C1B-EB74-4523-897A-25FAF19FB46B}.Release|Any CPU.ActiveCfg = Release|Any CPU
		{9AAE7C1B-EB74-4523-897A-25FAF19FB46B}.Release|Any CPU.Build.0 = Release|Any CPU
	EndGlobalSection
	GlobalSection(SolutionProperties) = preSolution
		HideSolutionNode = FALSE
	EndGlobalSection
	GlobalSection(ExtensibilityGlobals) = postSolution
		SolutionGuid = {06A847C4-D071-4EE6-BAF3-D62B96A89D72}
	EndGlobalSection
EndGlobal
