
Microsoft Visual Studio Solution File, Format Version 12.00
# Visual Studio Version 16
VisualStudioVersion = 16.0.30320.27
MinimumVisualStudioVersion = 10.0.40219.1
Project("{FAE04EC0-301F-11D3-BF4B-00C04F79EFBC}") = "TimerExample", "TimerExample.csproj", "{5E27B94E-3643-4639-B9D7-9A5CB15CB5CD}"
EndProject
Global
	GlobalSection(SolutionConfigurationPlatforms) = preSolution
		Debug|Any CPU = Debug|Any CPU
		Release|Any CPU = Release|Any CPU
	EndGlobalSection
	GlobalSection(ProjectConfigurationPlatforms) = postSolution
		{5E27B94E-3643-4639-B9D7-9A5CB15CB5CD}.Debug|Any CPU.ActiveCfg = Debug|Any CPU
		{5E27B94E-3643-4639-B9D7-9A5CB15CB5CD}.Debug|Any CPU.Build.0 = Debug|Any CPU
		{5E27B94E-3643-4639-B9D7-9A5CB15CB5CD}.Release|Any CPU.ActiveCfg = Release|Any CPU
		{5E27B94E-3643-4639-B9D7-9A5CB15CB5CD}.Release|Any CPU.Build.0 = Release|Any CPU
	EndGlobalSection
	GlobalSection(SolutionProperties) = preSolution
		HideSolutionNode = FALSE
	EndGlobalSection
	GlobalSection(ExtensibilityGlobals) = postSolution
		SolutionGuid = {675C907C-4927-4D3C-A901-5DA07896F762}
	EndGlobalSection
EndGlobal
