
Microsoft Visual Studio Solution File, Format Version 12.00
# Visual Studio Version 16
VisualStudioVersion = 16.0.30320.27
MinimumVisualStudioVersion = 10.0.40219.1
Project("{FAE04EC0-301F-11D3-BF4B-00C04F79EFBC}") = "LastWinform", "LastWinform.csproj", "{906B0551-814B-4C86-84EB-04FD5373CF24}"
EndProject
Global
	GlobalSection(SolutionConfigurationPlatforms) = preSolution
		Debug|Any CPU = Debug|Any CPU
		Release|Any CPU = Release|Any CPU
	EndGlobalSection
	GlobalSection(ProjectConfigurationPlatforms) = postSolution
		{906B0551-814B-4C86-84EB-04FD5373CF24}.Debug|Any CPU.ActiveCfg = Debug|Any CPU
		{906B0551-814B-4C86-84EB-04FD5373CF24}.Debug|Any CPU.Build.0 = Debug|Any CPU
		{906B0551-814B-4C86-84EB-04FD5373CF24}.Release|Any CPU.ActiveCfg = Release|Any CPU
		{906B0551-814B-4C86-84EB-04FD5373CF24}.Release|Any CPU.Build.0 = Release|Any CPU
	EndGlobalSection
	GlobalSection(SolutionProperties) = preSolution
		HideSolutionNode = FALSE
	EndGlobalSection
	GlobalSection(ExtensibilityGlobals) = postSolution
		SolutionGuid = {437FA043-9E19-4E5B-B43B-A5B54ECDC15D}
	EndGlobalSection
EndGlobal
