
Microsoft Visual Studio Solution File, Format Version 12.00
# Visual Studio Version 16
VisualStudioVersion = 16.0.29926.136
MinimumVisualStudioVersion = 10.0.40219.1
Project("{FAE04EC0-301F-11D3-BF4B-00C04F79EFBC}") = "WindowsFormsApp1", "WindowsFormsApp1\WindowsFormsApp1.csproj", "{1E82001C-4E00-4E7A-8823-596DA43B824A}"
EndProject
Global
	GlobalSection(SolutionConfigurationPlatforms) = preSolution
		Debug|Any CPU = Debug|Any CPU
		Release|Any CPU = Release|Any CPU
	EndGlobalSection
	GlobalSection(ProjectConfigurationPlatforms) = postSolution
		{1E82001C-4E00-4E7A-8823-596DA43B824A}.Debug|Any CPU.ActiveCfg = Debug|Any CPU
		{1E82001C-4E00-4E7A-8823-596DA43B824A}.Debug|Any CPU.Build.0 = Debug|Any CPU
		{1E82001C-4E00-4E7A-8823-596DA43B824A}.Release|Any CPU.ActiveCfg = Release|Any CPU
		{1E82001C-4E00-4E7A-8823-596DA43B824A}.Release|Any CPU.Build.0 = Release|Any CPU
	EndGlobalSection
	GlobalSection(SolutionProperties) = preSolution
		HideSolutionNode = FALSE
	EndGlobalSection
	GlobalSection(ExtensibilityGlobals) = postSolution
		SolutionGuid = {6327D19A-6DCD-4D05-A1B3-9244CA5F2DFA}
	EndGlobalSection
EndGlobal
