
Microsoft Visual Studio Solution File, Format Version 12.00
# Visual Studio Version 16
VisualStudioVersion = 16.0.30104.148
MinimumVisualStudioVersion = 10.0.40219.1
Project("{FAE04EC0-301F-11D3-BF4B-00C04F79EFBC}") = "MusicLoginDemo", "MusicLoginDemo\MusicLoginDemo.csproj", "{D00AF417-8BDF-4C9A-85C1-076F4A5197F4}"
EndProject
Global
	GlobalSection(SolutionConfigurationPlatforms) = preSolution
		Debug|Any CPU = Debug|Any CPU
		Release|Any CPU = Release|Any CPU
	EndGlobalSection
	GlobalSection(ProjectConfigurationPlatforms) = postSolution
		{D00AF417-8BDF-4C9A-85C1-076F4A5197F4}.Debug|Any CPU.ActiveCfg = Debug|Any CPU
		{D00AF417-8BDF-4C9A-85C1-076F4A5197F4}.Debug|Any CPU.Build.0 = Debug|Any CPU
		{D00AF417-8BDF-4C9A-85C1-076F4A5197F4}.Release|Any CPU.ActiveCfg = Release|Any CPU
		{D00AF417-8BDF-4C9A-85C1-076F4A5197F4}.Release|Any CPU.Build.0 = Release|Any CPU
	EndGlobalSection
	GlobalSection(SolutionProperties) = preSolution
		HideSolutionNode = FALSE
	EndGlobalSection
	GlobalSection(ExtensibilityGlobals) = postSolution
		SolutionGuid = {4669C1EB-CC78-4093-B7CD-89120E350D7B}
	EndGlobalSection
EndGlobal
