
Microsoft Visual Studio Solution File, Format Version 12.00
# Visual Studio Express 14 for Windows Desktop
VisualStudioVersion = 14.0.23107.0
MinimumVisualStudioVersion = 10.0.40219.1
Project("{FAE04EC0-301F-11D3-BF4B-00C04F79EFBC}") = "ArrayBasic", "ArrayBasic\ArrayBasic.csproj", "{EC12DE20-E84C-4D19-88C7-BD95C3699CE0}"
EndProject
Global
	GlobalSection(SolutionConfigurationPlatforms) = preSolution
		Debug|Any CPU = Debug|Any CPU
		Release|Any CPU = Release|Any CPU
	EndGlobalSection
	GlobalSection(ProjectConfigurationPlatforms) = postSolution
		{EC12DE20-E84C-4D19-88C7-BD95C3699CE0}.Debug|Any CPU.ActiveCfg = Debug|Any CPU
		{EC12DE20-E84C-4D19-88C7-BD95C3699CE0}.Debug|Any CPU.Build.0 = Debug|Any CPU
		{EC12DE20-E84C-4D19-88C7-BD95C3699CE0}.Release|Any CPU.ActiveCfg = Release|Any CPU
		{EC12DE20-E84C-4D19-88C7-BD95C3699CE0}.Release|Any CPU.Build.0 = Release|Any CPU
	EndGlobalSection
	GlobalSection(SolutionProperties) = preSolution
		HideSolutionNode = FALSE
	EndGlobalSection
EndGlobal
