
Microsoft Visual Studio Solution File, Format Version 12.00
# Visual Studio Version 16
VisualStudioVersion = 16.0.30320.27
MinimumVisualStudioVersion = 10.0.40219.1
Project("{FAE04EC0-301F-11D3-BF4B-00C04F79EFBC}") = "secondWinform", "secondWinform.csproj", "{5EAE042E-92ED-492E-BE0D-FF840F12A640}"
EndProject
Global
	GlobalSection(SolutionConfigurationPlatforms) = preSolution
		Debug|Any CPU = Debug|Any CPU
		Release|Any CPU = Release|Any CPU
	EndGlobalSection
	GlobalSection(ProjectConfigurationPlatforms) = postSolution
		{5EAE042E-92ED-492E-BE0D-FF840F12A640}.Debug|Any CPU.ActiveCfg = Debug|Any CPU
		{5EAE042E-92ED-492E-BE0D-FF840F12A640}.Debug|Any CPU.Build.0 = Debug|Any CPU
		{5EAE042E-92ED-492E-BE0D-FF840F12A640}.Release|Any CPU.ActiveCfg = Release|Any CPU
		{5EAE042E-92ED-492E-BE0D-FF840F12A640}.Release|Any CPU.Build.0 = Release|Any CPU
	EndGlobalSection
	GlobalSection(SolutionProperties) = preSolution
		HideSolutionNode = FALSE
	EndGlobalSection
	GlobalSection(ExtensibilityGlobals) = postSolution
		SolutionGuid = {C1750043-6E46-409C-835D-EA182FF6DF5E}
	EndGlobalSection
EndGlobal
