
Microsoft Visual Studio Solution File, Format Version 12.00
# Visual Studio Version 16
VisualStudioVersion = 16.0.31129.286
MinimumVisualStudioVersion = 10.0.40219.1
Project("{FAE04EC0-301F-11D3-BF4B-00C04F79EFBC}") = "ATM", "ATM\ATM.csproj", "{FD8F7525-4A81-48F9-80ED-B4C313FDCA79}"
EndProject
Global
	GlobalSection(SolutionConfigurationPlatforms) = preSolution
		Debug|Any CPU = Debug|Any CPU
		Release|Any CPU = Release|Any CPU
	EndGlobalSection
	GlobalSection(ProjectConfigurationPlatforms) = postSolution
		{FD8F7525-4A81-48F9-80ED-B4C313FDCA79}.Debug|Any CPU.ActiveCfg = Debug|Any CPU
		{FD8F7525-4A81-48F9-80ED-B4C313FDCA79}.Debug|Any CPU.Build.0 = Debug|Any CPU
		{FD8F7525-4A81-48F9-80ED-B4C313FDCA79}.Release|Any CPU.ActiveCfg = Release|Any CPU
		{FD8F7525-4A81-48F9-80ED-B4C313FDCA79}.Release|Any CPU.Build.0 = Release|Any CPU
	EndGlobalSection
	GlobalSection(SolutionProperties) = preSolution
		HideSolutionNode = FALSE
	EndGlobalSection
	GlobalSection(ExtensibilityGlobals) = postSolution
		SolutionGuid = {06E0E5C8-2C54-4ED3-AB1F-BD070974652E}
	EndGlobalSection
EndGlobal
