
Microsoft Visual Studio Solution File, Format Version 12.00
# Visual Studio Express 14 for Windows Desktop
VisualStudioVersion = 14.0.23107.0
MinimumVisualStudioVersion = 10.0.40219.1
Project("{FAE04EC0-301F-11D3-BF4B-00C04F79EFBC}") = "ImplicitConversion", "ImplicitConversion\ImplicitConversion.csproj", "{8C4D89A7-A8D5-4A4F-A2F1-D98E0DDD3091}"
EndProject
Global
	GlobalSection(SolutionConfigurationPlatforms) = preSolution
		Debug|Any CPU = Debug|Any CPU
		Release|Any CPU = Release|Any CPU
	EndGlobalSection
	GlobalSection(ProjectConfigurationPlatforms) = postSolution
		{8C4D89A7-A8D5-4A4F-A2F1-D98E0DDD3091}.Debug|Any CPU.ActiveCfg = Debug|Any CPU
		{8C4D89A7-A8D5-4A4F-A2F1-D98E0DDD3091}.Debug|Any CPU.Build.0 = Debug|Any CPU
		{8C4D89A7-A8D5-4A4F-A2F1-D98E0DDD3091}.Release|Any CPU.ActiveCfg = Release|Any CPU
		{8C4D89A7-A8D5-4A4F-A2F1-D98E0DDD3091}.Release|Any CPU.Build.0 = Release|Any CPU
	EndGlobalSection
	GlobalSection(SolutionProperties) = preSolution
		HideSolutionNode = FALSE
	EndGlobalSection
EndGlobal
