
Microsoft Visual Studio Solution File, Format Version 12.00
# Visual Studio Version 16
VisualStudioVersion = 16.0.29806.167
MinimumVisualStudioVersion = 10.0.40219.1
Project("{FAE04EC0-301F-11D3-BF4B-00C04F79EFBC}") = "swapFunction", "swapFunction.csproj", "{5FC66788-DAE6-423F-AC06-98C892E23645}"
EndProject
Global
	GlobalSection(SolutionConfigurationPlatforms) = preSolution
		Debug|Any CPU = Debug|Any CPU
		Release|Any CPU = Release|Any CPU
	EndGlobalSection
	GlobalSection(ProjectConfigurationPlatforms) = postSolution
		{5FC66788-DAE6-423F-AC06-98C892E23645}.Debug|Any CPU.ActiveCfg = Debug|Any CPU
		{5FC66788-DAE6-423F-AC06-98C892E23645}.Debug|Any CPU.Build.0 = Debug|Any CPU
		{5FC66788-DAE6-423F-AC06-98C892E23645}.Release|Any CPU.ActiveCfg = Release|Any CPU
		{5FC66788-DAE6-423F-AC06-98C892E23645}.Release|Any CPU.Build.0 = Release|Any CPU
	EndGlobalSection
	GlobalSection(SolutionProperties) = preSolution
		HideSolutionNode = FALSE
	EndGlobalSection
	GlobalSection(ExtensibilityGlobals) = postSolution
		SolutionGuid = {11CE32FD-543D-4ABA-AA53-E90E1109EBB3}
	EndGlobalSection
EndGlobal
