
Microsoft Visual Studio Solution File, Format Version 12.00
# Visual Studio Version 16
VisualStudioVersion = 16.0.29920.165
MinimumVisualStudioVersion = 10.0.40219.1
Project("{FAE04EC0-301F-11D3-BF4B-00C04F79EFBC}") = "RandomExample", "RandomExample\RandomExample.csproj", "{EE02FB2A-FB1C-497D-B1D2-0F077181C9BD}"
EndProject
Global
	GlobalSection(SolutionConfigurationPlatforms) = preSolution
		Debug|Any CPU = Debug|Any CPU
		Release|Any CPU = Release|Any CPU
	EndGlobalSection
	GlobalSection(ProjectConfigurationPlatforms) = postSolution
		{EE02FB2A-FB1C-497D-B1D2-0F077181C9BD}.Debug|Any CPU.ActiveCfg = Debug|Any CPU
		{EE02FB2A-FB1C-497D-B1D2-0F077181C9BD}.Debug|Any CPU.Build.0 = Debug|Any CPU
		{EE02FB2A-FB1C-497D-B1D2-0F077181C9BD}.Release|Any CPU.ActiveCfg = Release|Any CPU
		{EE02FB2A-FB1C-497D-B1D2-0F077181C9BD}.Release|Any CPU.Build.0 = Release|Any CPU
	EndGlobalSection
	GlobalSection(SolutionProperties) = preSolution
		HideSolutionNode = FALSE
	EndGlobalSection
	GlobalSection(ExtensibilityGlobals) = postSolution
		SolutionGuid = {02F872F6-88ED-48A9-B137-57822917DF62}
	EndGlobalSection
EndGlobal
