
Microsoft Visual Studio Solution File, Format Version 12.00
# Visual Studio Version 16
VisualStudioVersion = 16.0.30320.27
MinimumVisualStudioVersion = 10.0.40219.1
Project("{FAE04EC0-301F-11D3-BF4B-00C04F79EFBC}") = "class_instance_example", "class_instance_example.csproj", "{C993E7E7-07A3-461F-8C78-457D3583BD59}"
EndProject
Global
	GlobalSection(SolutionConfigurationPlatforms) = preSolution
		Debug|Any CPU = Debug|Any CPU
		Release|Any CPU = Release|Any CPU
	EndGlobalSection
	GlobalSection(ProjectConfigurationPlatforms) = postSolution
		{C993E7E7-07A3-461F-8C78-457D3583BD59}.Debug|Any CPU.ActiveCfg = Debug|Any CPU
		{C993E7E7-07A3-461F-8C78-457D3583BD59}.Debug|Any CPU.Build.0 = Debug|Any CPU
		{C993E7E7-07A3-461F-8C78-457D3583BD59}.Release|Any CPU.ActiveCfg = Release|Any CPU
		{C993E7E7-07A3-461F-8C78-457D3583BD59}.Release|Any CPU.Build.0 = Release|Any CPU
	EndGlobalSection
	GlobalSection(SolutionProperties) = preSolution
		HideSolutionNode = FALSE
	EndGlobalSection
	GlobalSection(ExtensibilityGlobals) = postSolution
		SolutionGuid = {35C91003-9593-47CF-9103-C259AF670BCD}
	EndGlobalSection
EndGlobal
