
Microsoft Visual Studio Solution File, Format Version 12.00
# Visual Studio Version 16
VisualStudioVersion = 16.0.30320.27
MinimumVisualStudioVersion = 10.0.40219.1
Project("{FAE04EC0-301F-11D3-BF4B-00C04F79EFBC}") = "listExample", "listExample.csproj", "{6699F257-66D3-439B-A319-F0532F6D1E98}"
EndProject
Global
	GlobalSection(SolutionConfigurationPlatforms) = preSolution
		Debug|Any CPU = Debug|Any CPU
		Release|Any CPU = Release|Any CPU
	EndGlobalSection
	GlobalSection(ProjectConfigurationPlatforms) = postSolution
		{6699F257-66D3-439B-A319-F0532F6D1E98}.Debug|Any CPU.ActiveCfg = Debug|Any CPU
		{6699F257-66D3-439B-A319-F0532F6D1E98}.Debug|Any CPU.Build.0 = Debug|Any CPU
		{6699F257-66D3-439B-A319-F0532F6D1E98}.Release|Any CPU.ActiveCfg = Release|Any CPU
		{6699F257-66D3-439B-A319-F0532F6D1E98}.Release|Any CPU.Build.0 = Release|Any CPU
	EndGlobalSection
	GlobalSection(SolutionProperties) = preSolution
		HideSolutionNode = FALSE
	EndGlobalSection
	GlobalSection(ExtensibilityGlobals) = postSolution
		SolutionGuid = {449D82E6-B87D-4191-B23E-DD5607787121}
	EndGlobalSection
EndGlobal
