
Microsoft Visual Studio Solution File, Format Version 12.00
# Visual Studio Express 14 for Windows Desktop
VisualStudioVersion = 14.0.23107.0
MinimumVisualStudioVersion = 10.0.40219.1
Project("{FAE04EC0-301F-11D3-BF4B-00C04F79EFBC}") = "Memorize", "Memorize.csproj", "{EF5DD468-C70B-4CE3-BB37-DE242483A13B}"
EndProject
Global
	GlobalSection(SolutionConfigurationPlatforms) = preSolution
		Debug|Any CPU = Debug|Any CPU
		Release|Any CPU = Release|Any CPU
	EndGlobalSection
	GlobalSection(ProjectConfigurationPlatforms) = postSolution
		{EF5DD468-C70B-4CE3-BB37-DE242483A13B}.Debug|Any CPU.ActiveCfg = Debug|Any CPU
		{EF5DD468-C70B-4CE3-BB37-DE242483A13B}.Debug|Any CPU.Build.0 = Debug|Any CPU
		{EF5DD468-C70B-4CE3-BB37-DE242483A13B}.Release|Any CPU.ActiveCfg = Release|Any CPU
		{EF5DD468-C70B-4CE3-BB37-DE242483A13B}.Release|Any CPU.Build.0 = Release|Any CPU
	EndGlobalSection
	GlobalSection(SolutionProperties) = preSolution
		HideSolutionNode = FALSE
	EndGlobalSection
EndGlobal
