
Microsoft Visual Studio Solution File, Format Version 12.00
# Visual Studio Version 16
VisualStudioVersion = 16.0.29926.136
MinimumVisualStudioVersion = 10.0.40219.1
Project("{FAE04EC0-301F-11D3-BF4B-00C04F79EFBC}") = "WindowsFormsApp_classfile_separate", "WindowsFormsApp_classfile_separate\WindowsFormsApp_classfile_separate.csproj", "{7E82E8F6-3D8F-4DF5-8F8E-C721F19EB1D6}"
EndProject
Global
	GlobalSection(SolutionConfigurationPlatforms) = preSolution
		Debug|Any CPU = Debug|Any CPU
		Release|Any CPU = Release|Any CPU
	EndGlobalSection
	GlobalSection(ProjectConfigurationPlatforms) = postSolution
		{7E82E8F6-3D8F-4DF5-8F8E-C721F19EB1D6}.Debug|Any CPU.ActiveCfg = Debug|Any CPU
		{7E82E8F6-3D8F-4DF5-8F8E-C721F19EB1D6}.Debug|Any CPU.Build.0 = Debug|Any CPU
		{7E82E8F6-3D8F-4DF5-8F8E-C721F19EB1D6}.Release|Any CPU.ActiveCfg = Release|Any CPU
		{7E82E8F6-3D8F-4DF5-8F8E-C721F19EB1D6}.Release|Any CPU.Build.0 = Release|Any CPU
	EndGlobalSection
	GlobalSection(SolutionProperties) = preSolution
		HideSolutionNode = FALSE
	EndGlobalSection
	GlobalSection(ExtensibilityGlobals) = postSolution
		SolutionGuid = {BFA6DC78-49EA-473C-9E8F-08E692532DC0}
	EndGlobalSection
EndGlobal
