
Microsoft Visual Studio Solution File, Format Version 12.00
# Visual Studio Version 16
VisualStudioVersion = 16.0.30320.27
MinimumVisualStudioVersion = 10.0.40219.1
Project("{FAE04EC0-301F-11D3-BF4B-00C04F79EFBC}") = "MdiExample", "MdiExample.csproj", "{8D28B586-6737-4680-AFE2-28CA5B4DB2A4}"
EndProject
Global
	GlobalSection(SolutionConfigurationPlatforms) = preSolution
		Debug|Any CPU = Debug|Any CPU
		Release|Any CPU = Release|Any CPU
	EndGlobalSection
	GlobalSection(ProjectConfigurationPlatforms) = postSolution
		{8D28B586-6737-4680-AFE2-28CA5B4DB2A4}.Debug|Any CPU.ActiveCfg = Debug|Any CPU
		{8D28B586-6737-4680-AFE2-28CA5B4DB2A4}.Debug|Any CPU.Build.0 = Debug|Any CPU
		{8D28B586-6737-4680-AFE2-28CA5B4DB2A4}.Release|Any CPU.ActiveCfg = Release|Any CPU
		{8D28B586-6737-4680-AFE2-28CA5B4DB2A4}.Release|Any CPU.Build.0 = Release|Any CPU
	EndGlobalSection
	GlobalSection(SolutionProperties) = preSolution
		HideSolutionNode = FALSE
	EndGlobalSection
	GlobalSection(ExtensibilityGlobals) = postSolution
		SolutionGuid = {9C503A65-C4FA-4559-8D72-A29E0C75C12E}
	EndGlobalSection
EndGlobal
