
Microsoft Visual Studio Solution File, Format Version 12.00
# Visual Studio Version 16
VisualStudioVersion = 16.0.31025.194
MinimumVisualStudioVersion = 10.0.40219.1
Project("{FAE04EC0-301F-11D3-BF4B-00C04F79EFBC}") = "Lotto", "Lotto\Lotto.csproj", "{69B5AAFC-2457-4B55-A5F5-66EAB7D1171C}"
EndProject
Global
	GlobalSection(SolutionConfigurationPlatforms) = preSolution
		Debug|Any CPU = Debug|Any CPU
		Release|Any CPU = Release|Any CPU
	EndGlobalSection
	GlobalSection(ProjectConfigurationPlatforms) = postSolution
		{69B5AAFC-2457-4B55-A5F5-66EAB7D1171C}.Debug|Any CPU.ActiveCfg = Debug|Any CPU
		{69B5AAFC-2457-4B55-A5F5-66EAB7D1171C}.Debug|Any CPU.Build.0 = Debug|Any CPU
		{69B5AAFC-2457-4B55-A5F5-66EAB7D1171C}.Release|Any CPU.ActiveCfg = Release|Any CPU
		{69B5AAFC-2457-4B55-A5F5-66EAB7D1171C}.Release|Any CPU.Build.0 = Release|Any CPU
	EndGlobalSection
	GlobalSection(SolutionProperties) = preSolution
		HideSolutionNode = FALSE
	EndGlobalSection
	GlobalSection(ExtensibilityGlobals) = postSolution
		SolutionGuid = {E7069CF3-9650-4C6C-8459-B1052F1B6B2D}
	EndGlobalSection
EndGlobal
