
Microsoft Visual Studio Solution File, Format Version 12.00
# Visual Studio Express 14 for Windows Desktop
VisualStudioVersion = 14.0.23107.0
MinimumVisualStudioVersion = 10.0.40219.1
Project("{FAE04EC0-301F-11D3-BF4B-00C04F79EFBC}") = "MessageBoxForm", "MessageBoxForm.csproj", "{529C8A8F-35F5-466A-AF35-71C19D06C9EF}"
EndProject
Global
	GlobalSection(SolutionConfigurationPlatforms) = preSolution
		Debug|Any CPU = Debug|Any CPU
		Release|Any CPU = Release|Any CPU
	EndGlobalSection
	GlobalSection(ProjectConfigurationPlatforms) = postSolution
		{529C8A8F-35F5-466A-AF35-71C19D06C9EF}.Debug|Any CPU.ActiveCfg = Debug|Any CPU
		{529C8A8F-35F5-466A-AF35-71C19D06C9EF}.Debug|Any CPU.Build.0 = Debug|Any CPU
		{529C8A8F-35F5-466A-AF35-71C19D06C9EF}.Release|Any CPU.ActiveCfg = Release|Any CPU
		{529C8A8F-35F5-466A-AF35-71C19D06C9EF}.Release|Any CPU.Build.0 = Release|Any CPU
	EndGlobalSection
	GlobalSection(SolutionProperties) = preSolution
		HideSolutionNode = FALSE
	EndGlobalSection
EndGlobal
