
Microsoft Visual Studio Solution File, Format Version 12.00
# Visual Studio Version 16
VisualStudioVersion = 16.0.30320.27
MinimumVisualStudioVersion = 10.0.40219.1
Project("{FAE04EC0-301F-11D3-BF4B-00C04F79EFBC}") = "ComboListGrid", "ComboListGrid.csproj", "{1A4A306E-DCF9-48B1-AF6E-05B2D1A40986}"
EndProject
Global
	GlobalSection(SolutionConfigurationPlatforms) = preSolution
		Debug|Any CPU = Debug|Any CPU
		Release|Any CPU = Release|Any CPU
	EndGlobalSection
	GlobalSection(ProjectConfigurationPlatforms) = postSolution
		{1A4A306E-DCF9-48B1-AF6E-05B2D1A40986}.Debug|Any CPU.ActiveCfg = Debug|Any CPU
		{1A4A306E-DCF9-48B1-AF6E-05B2D1A40986}.Debug|Any CPU.Build.0 = Debug|Any CPU
		{1A4A306E-DCF9-48B1-AF6E-05B2D1A40986}.Release|Any CPU.ActiveCfg = Release|Any CPU
		{1A4A306E-DCF9-48B1-AF6E-05B2D1A40986}.Release|Any CPU.Build.0 = Release|Any CPU
	EndGlobalSection
	GlobalSection(SolutionProperties) = preSolution
		HideSolutionNode = FALSE
	EndGlobalSection
	GlobalSection(ExtensibilityGlobals) = postSolution
		SolutionGuid = {2F8E5D6D-8EC0-42BA-B498-DB3E0C518BFB}
	EndGlobalSection
EndGlobal
